
Microsoft Visual Studio Solution File, Format Version 12.00
# Visual Studio Version 16
VisualStudioVersion = 16.0.29102.190
MinimumVisualStudioVersion = 10.0.40219.1
Project("{FAE04EC0-301F-11D3-BF4B-00C04F79EFBC}") = "HSPD-API", "HSPD-API.csproj", "{D18B51B3-8BFD-42A7-B0D0-E09FB3D148D8}"
EndProject
Global
	GlobalSection(SolutionConfigurationPlatforms) = preSolution
		Debug|Any CPU = Debug|Any CPU
		Release|Any CPU = Release|Any CPU
	EndGlobalSection
	GlobalSection(ProjectConfigurationPlatforms) = postSolution
		{D18B51B3-8BFD-42A7-B0D0-E09FB3D148D8}.Debug|Any CPU.ActiveCfg = Debug|Any CPU
		{D18B51B3-8BFD-42A7-B0D0-E09FB3D148D8}.Debug|Any CPU.Build.0 = Debug|Any CPU
		{D18B51B3-8BFD-42A7-B0D0-E09FB3D148D8}.Release|Any CPU.ActiveCfg = Release|Any CPU
		{D18B51B3-8BFD-42A7-B0D0-E09FB3D148D8}.Release|Any CPU.Build.0 = Release|Any CPU
	EndGlobalSection
	GlobalSection(SolutionProperties) = preSolution
		HideSolutionNode = FALSE
	EndGlobalSection
	GlobalSection(ExtensibilityGlobals) = postSolution
		SolutionGuid = {83F40C8A-5F38-4CAC-A5E8-4B14E7F613C5}
	EndGlobalSection
EndGlobal
